
Microsoft Visual Studio Solution File, Format Version 12.00
# Visual Studio Version 17
VisualStudioVersion = 17.0.32014.148
MinimumVisualStudioVersion = 10.0.40219.1
Project("{FAE04EC0-301F-11D3-BF4B-00C04F79EFBC}") = "Proj_APP_Series", "Proj_APP_Series.csproj", "{E01B5DC5-7AF0-4619-874C-AAC71E3A3C0A}"
EndProject
Global
	GlobalSection(SolutionConfigurationPlatforms) = preSolution
		Debug|Any CPU = Debug|Any CPU
		Release|Any CPU = Release|Any CPU
	EndGlobalSection
	GlobalSection(ProjectConfigurationPlatforms) = postSolution
		{E01B5DC5-7AF0-4619-874C-AAC71E3A3C0A}.Debug|Any CPU.ActiveCfg = Debug|Any CPU
		{E01B5DC5-7AF0-4619-874C-AAC71E3A3C0A}.Debug|Any CPU.Build.0 = Debug|Any CPU
		{E01B5DC5-7AF0-4619-874C-AAC71E3A3C0A}.Release|Any CPU.ActiveCfg = Release|Any CPU
		{E01B5DC5-7AF0-4619-874C-AAC71E3A3C0A}.Release|Any CPU.Build.0 = Release|Any CPU
	EndGlobalSection
	GlobalSection(SolutionProperties) = preSolution
		HideSolutionNode = FALSE
	EndGlobalSection
	GlobalSection(ExtensibilityGlobals) = postSolution
		SolutionGuid = {CD1BEDCA-9EE3-4961-A7B5-782A74EF8A33}
	EndGlobalSection
EndGlobal
